
Microsoft Visual Studio Solution File, Format Version 12.00
# Visual Studio Version 17
VisualStudioVersion = 17.14.36203.30
MinimumVisualStudioVersion = 10.0.40219.1
Project("{FAE04EC0-301F-11D3-BF4B-00C04F79EFBC}") = "CalculatorWebAPI", "CalculatorWebAPI.csproj", "{9C7C802B-27E5-42B2-B617-37D96610EC92}"
EndProject
Project("{FAE04EC0-301F-11D3-BF4B-00C04F79EFBC}") = "CalculatorTests1", "..\CalculatorTests1\CalculatorTests1.csproj", "{F985F872-63E0-4721-8FF9-A210DE2E4896}"
EndProject
Global
	GlobalSection(SolutionConfigurationPlatforms) = preSolution
		Debug|Any CPU = Debug|Any CPU
		Release|Any CPU = Release|Any CPU
	EndGlobalSection
	GlobalSection(ProjectConfigurationPlatforms) = postSolution
		{9C7C802B-27E5-42B2-B617-37D96610EC92}.Debug|Any CPU.ActiveCfg = Debug|Any CPU
		{9C7C802B-27E5-42B2-B617-37D96610EC92}.Debug|Any CPU.Build.0 = Debug|Any CPU
		{9C7C802B-27E5-42B2-B617-37D96610EC92}.Release|Any CPU.ActiveCfg = Release|Any CPU
		{9C7C802B-27E5-42B2-B617-37D96610EC92}.Release|Any CPU.Build.0 = Release|Any CPU
		{F985F872-63E0-4721-8FF9-A210DE2E4896}.Debug|Any CPU.ActiveCfg = Debug|Any CPU
		{F985F872-63E0-4721-8FF9-A210DE2E4896}.Debug|Any CPU.Build.0 = Debug|Any CPU
		{F985F872-63E0-4721-8FF9-A210DE2E4896}.Release|Any CPU.ActiveCfg = Release|Any CPU
		{F985F872-63E0-4721-8FF9-A210DE2E4896}.Release|Any CPU.Build.0 = Release|Any CPU
	EndGlobalSection
	GlobalSection(SolutionProperties) = preSolution
		HideSolutionNode = FALSE
	EndGlobalSection
	GlobalSection(ExtensibilityGlobals) = postSolution
		SolutionGuid = {80EA4828-7EBE-44DD-ABD9-8F6F2220AF60}
	EndGlobalSection
EndGlobal
